
Microsoft Visual Studio Solution File, Format Version 12.00
# Visual Studio Version 17
VisualStudioVersion = 17.12.35707.178
MinimumVisualStudioVersion = 10.0.40219.1
Project("{FAE04EC0-301F-11D3-BF4B-00C04F79EFBC}") = "Aplikacja_Projektowa", "Aplikacja_Projektowa.csproj", "{72D6AF24-0229-453F-A9C5-162209ADD8BA}"
EndProject
Global
	GlobalSection(SolutionConfigurationPlatforms) = preSolution
		Debug|Any CPU = Debug|Any CPU
		Release|Any CPU = Release|Any CPU
	EndGlobalSection
	GlobalSection(ProjectConfigurationPlatforms) = postSolution
		{72D6AF24-0229-453F-A9C5-162209ADD8BA}.Debug|Any CPU.ActiveCfg = Debug|Any CPU
		{72D6AF24-0229-453F-A9C5-162209ADD8BA}.Debug|Any CPU.Build.0 = Debug|Any CPU
		{72D6AF24-0229-453F-A9C5-162209ADD8BA}.Release|Any CPU.ActiveCfg = Release|Any CPU
		{72D6AF24-0229-453F-A9C5-162209ADD8BA}.Release|Any CPU.Build.0 = Release|Any CPU
	EndGlobalSection
	GlobalSection(SolutionProperties) = preSolution
		HideSolutionNode = FALSE
	EndGlobalSection
EndGlobal
